// !$*UTF8*$!
{
	archiveVersion = 1;
	classes = {
	};
	objectVersion = 50;
	objects = {

/* Begin PBXBuildFile section */
		36508E182354B53C009270FA /* SearchViewModel.swift in Sources */ = {isa = PBXBuildFile; fileRef = 36508E172354B53C009270FA /* SearchViewModel.swift */; };
		3663D02E23535C1C0078D02C /* FloatingPanel.framework in Frameworks */ = {isa = PBXBuildFile; fileRef = 3663D02D23535C1C0078D02C /* FloatingPanel.framework */; };
		3663D02F23535C1C0078D02C /* FloatingPanel.framework in Embed Frameworks */ = {isa = PBXBuildFile; fileRef = 3663D02D23535C1C0078D02C /* FloatingPanel.framework */; settings = {ATTRIBUTES = (CodeSignOnCopy, RemoveHeadersOnCopy, ); }; };
		3663D03223535C2C0078D02C /* Lottie.framework in Frameworks */ = {isa = PBXBuildFile; fileRef = 3663D03123535C2C0078D02C /* Lottie.framework */; };
		3663D03323535C2C0078D02C /* Lottie.framework in Embed Frameworks */ = {isa = PBXBuildFile; fileRef = 3663D03123535C2C0078D02C /* Lottie.framework */; settings = {ATTRIBUTES = (CodeSignOnCopy, RemoveHeadersOnCopy, ); }; };
		3663D03523535C3C0078D02C /* RxCocoa.framework in Frameworks */ = {isa = PBXBuildFile; fileRef = 3663D03423535C3C0078D02C /* RxCocoa.framework */; };
		3663D03623535C3C0078D02C /* RxCocoa.framework in Embed Frameworks */ = {isa = PBXBuildFile; fileRef = 3663D03423535C3C0078D02C /* RxCocoa.framework */; settings = {ATTRIBUTES = (CodeSignOnCopy, RemoveHeadersOnCopy, ); }; };
		3663D03823535C4C0078D02C /* RxRelay.framework in Frameworks */ = {isa = PBXBuildFile; fileRef = 3663D03723535C4C0078D02C /* RxRelay.framework */; };
		3663D03923535C4C0078D02C /* RxRelay.framework in Embed Frameworks */ = {isa = PBXBuildFile; fileRef = 3663D03723535C4C0078D02C /* RxRelay.framework */; settings = {ATTRIBUTES = (CodeSignOnCopy, RemoveHeadersOnCopy, ); }; };
		3663D03B23535C5E0078D02C /* RxSwift.framework in Frameworks */ = {isa = PBXBuildFile; fileRef = 3663D03A23535C5E0078D02C /* RxSwift.framework */; };
		3663D03C23535C5E0078D02C /* RxSwift.framework in Embed Frameworks */ = {isa = PBXBuildFile; fileRef = 3663D03A23535C5E0078D02C /* RxSwift.framework */; settings = {ATTRIBUTES = (CodeSignOnCopy, RemoveHeadersOnCopy, ); }; };
		36B0B3FF235305E7002977DC /* AppDelegate.swift in Sources */ = {isa = PBXBuildFile; fileRef = 36B0B3FE235305E7002977DC /* AppDelegate.swift */; };
		36B0B401235305E7002977DC /* SceneDelegate.swift in Sources */ = {isa = PBXBuildFile; fileRef = 36B0B400235305E7002977DC /* SceneDelegate.swift */; };
		36B0B403235305E7002977DC /* FirstViewController.swift in Sources */ = {isa = PBXBuildFile; fileRef = 36B0B402235305E7002977DC /* FirstViewController.swift */; };
		36B0B405235305E7002977DC /* SecondViewController.swift in Sources */ = {isa = PBXBuildFile; fileRef = 36B0B404235305E7002977DC /* SecondViewController.swift */; };
		36B0B408235305E7002977DC /* Main.storyboard in Resources */ = {isa = PBXBuildFile; fileRef = 36B0B406235305E7002977DC /* Main.storyboard */; };
		36B0B40A235305E8002977DC /* Assets.xcassets in Resources */ = {isa = PBXBuildFile; fileRef = 36B0B409235305E8002977DC /* Assets.xcassets */; };
		36B0B40D235305E8002977DC /* LaunchScreen.storyboard in Resources */ = {isa = PBXBuildFile; fileRef = 36B0B40B235305E8002977DC /* LaunchScreen.storyboard */; };
		36B0B418235305E9002977DC /* TabBarSampleTests.swift in Sources */ = {isa = PBXBuildFile; fileRef = 36B0B417235305E8002977DC /* TabBarSampleTests.swift */; };
		36B0B423235305E9002977DC /* TabBarSampleUITests.swift in Sources */ = {isa = PBXBuildFile; fileRef = 36B0B422235305E9002977DC /* TabBarSampleUITests.swift */; };
		36D9324123535F010055D20C /* FirstViewModel.swift in Sources */ = {isa = PBXBuildFile; fileRef = 36D9324023535F010055D20C /* FirstViewModel.swift */; };
		36D93244235360040055D20C /* ModalViewController.swift in Sources */ = {isa = PBXBuildFile; fileRef = 36D93243235360040055D20C /* ModalViewController.swift */; };
		36D932482353607D0055D20C /* SpotCell.swift in Sources */ = {isa = PBXBuildFile; fileRef = 36D932462353607D0055D20C /* SpotCell.swift */; };
		36D932492353607D0055D20C /* SpotCell.xib in Resources */ = {isa = PBXBuildFile; fileRef = 36D932472353607D0055D20C /* SpotCell.xib */; };
		36D9324C235363220055D20C /* Article.swift in Sources */ = {isa = PBXBuildFile; fileRef = 36D9324B235363220055D20C /* Article.swift */; };
		36D9324E235363480055D20C /* Rest.swift in Sources */ = {isa = PBXBuildFile; fileRef = 36D9324D235363480055D20C /* Rest.swift */; };
		36D93250235363570055D20C /* Image.swift in Sources */ = {isa = PBXBuildFile; fileRef = 36D9324F235363570055D20C /* Image.swift */; };
		36D93253235364740055D20C /* ConnectToApiGurunavi.swift in Sources */ = {isa = PBXBuildFile; fileRef = 36D93252235364740055D20C /* ConnectToApiGurunavi.swift */; };
		36D9325623536A6D0055D20C /* SpotDetailViewController.swift in Sources */ = {isa = PBXBuildFile; fileRef = 36D9325523536A6D0055D20C /* SpotDetailViewController.swift */; };
		36D9325823536A7B0055D20C /* SpotDetailViewController.storyboard in Resources */ = {isa = PBXBuildFile; fileRef = 36D9325723536A7B0055D20C /* SpotDetailViewController.storyboard */; };
		36E1139F238AA47800F1D5AA /* SearchViewController.swift in Sources */ = {isa = PBXBuildFile; fileRef = 36E1139E238AA47800F1D5AA /* SearchViewController.swift */; };
		36E113A1238AB75F00F1D5AA /* PickerTextField.swift in Sources */ = {isa = PBXBuildFile; fileRef = 36E113A0238AB75F00F1D5AA /* PickerTextField.swift */; };
/* End PBXBuildFile section */

/* Begin PBXContainerItemProxy section */
		36B0B414235305E8002977DC /* PBXContainerItemProxy */ = {
			isa = PBXContainerItemProxy;
			containerPortal = 36B0B3F3235305E7002977DC /* Project object */;
			proxyType = 1;
			remoteGlobalIDString = 36B0B3FA235305E7002977DC;
			remoteInfo = TabBarSample;
		};
		36B0B41F235305E9002977DC /* PBXContainerItemProxy */ = {
			isa = PBXContainerItemProxy;
			containerPortal = 36B0B3F3235305E7002977DC /* Project object */;
			proxyType = 1;
			remoteGlobalIDString = 36B0B3FA235305E7002977DC;
			remoteInfo = TabBarSample;
		};
/* End PBXContainerItemProxy section */

/* Begin PBXCopyFilesBuildPhase section */
		3663D03023535C1C0078D02C /* Embed Frameworks */ = {
			isa = PBXCopyFilesBuildPhase;
			buildActionMask = 2147483647;
			dstPath = "";
			dstSubfolderSpec = 10;
			files = (
				3663D03C23535C5E0078D02C /* RxSwift.framework in Embed Frameworks */,
				3663D03923535C4C0078D02C /* RxRelay.framework in Embed Frameworks */,
				3663D03623535C3C0078D02C /* RxCocoa.framework in Embed Frameworks */,
				3663D02F23535C1C0078D02C /* FloatingPanel.framework in Embed Frameworks */,
				3663D03323535C2C0078D02C /* Lottie.framework in Embed Frameworks */,
			);
			name = "Embed Frameworks";
			runOnlyForDeploymentPostprocessing = 0;
		};
/* End PBXCopyFilesBuildPhase section */

/* Begin PBXFileReference section */
		36508E172354B53C009270FA /* SearchViewModel.swift */ = {isa = PBXFileReference; lastKnownFileType = sourcecode.swift; path = SearchViewModel.swift; sourceTree = "<group>"; };
		3663D02D23535C1C0078D02C /* FloatingPanel.framework */ = {isa = PBXFileReference; lastKnownFileType = wrapper.framework; name = FloatingPanel.framework; path = Carthage/Build/iOS/FloatingPanel.framework; sourceTree = "<group>"; };
		3663D03123535C2C0078D02C /* Lottie.framework */ = {isa = PBXFileReference; lastKnownFileType = wrapper.framework; name = Lottie.framework; path = Carthage/Build/iOS/Lottie.framework; sourceTree = "<group>"; };
		3663D03423535C3C0078D02C /* RxCocoa.framework */ = {isa = PBXFileReference; lastKnownFileType = wrapper.framework; name = RxCocoa.framework; path = Carthage/Build/iOS/RxCocoa.framework; sourceTree = "<group>"; };
		3663D03723535C4C0078D02C /* RxRelay.framework */ = {isa = PBXFileReference; lastKnownFileType = wrapper.framework; name = RxRelay.framework; path = Carthage/Build/iOS/RxRelay.framework; sourceTree = "<group>"; };
		3663D03A23535C5E0078D02C /* RxSwift.framework */ = {isa = PBXFileReference; lastKnownFileType = wrapper.framework; name = RxSwift.framework; path = Carthage/Build/iOS/RxSwift.framework; sourceTree = "<group>"; };
		36B0B3FB235305E7002977DC /* TabBarSample.app */ = {isa = PBXFileReference; explicitFileType = wrapper.application; includeInIndex = 0; path = TabBarSample.app; sourceTree = BUILT_PRODUCTS_DIR; };
		36B0B3FE235305E7002977DC /* AppDelegate.swift */ = {isa = PBXFileReference; lastKnownFileType = sourcecode.swift; path = AppDelegate.swift; sourceTree = "<group>"; };
		36B0B400235305E7002977DC /* SceneDelegate.swift */ = {isa = PBXFileReference; lastKnownFileType = sourcecode.swift; path = SceneDelegate.swift; sourceTree = "<group>"; };
		36B0B402235305E7002977DC /* FirstViewController.swift */ = {isa = PBXFileReference; lastKnownFileType = sourcecode.swift; path = FirstViewController.swift; sourceTree = "<group>"; };
		36B0B404235305E7002977DC /* SecondViewController.swift */ = {isa = PBXFileReference; lastKnownFileType = sourcecode.swift; path = SecondViewController.swift; sourceTree = "<group>"; };
		36B0B407235305E7002977DC /* Base */ = {isa = PBXFileReference; lastKnownFileType = file.storyboard; name = Base; path = Base.lproj/Main.storyboard; sourceTree = "<group>"; };
		36B0B409235305E8002977DC /* Assets.xcassets */ = {isa = PBXFileReference; lastKnownFileType = folder.assetcatalog; path = Assets.xcassets; sourceTree = "<group>"; };
		36B0B40C235305E8002977DC /* Base */ = {isa = PBXFileReference; lastKnownFileType = file.storyboard; name = Base; path = Base.lproj/LaunchScreen.storyboard; sourceTree = "<group>"; };
		36B0B40E235305E8002977DC /* Info.plist */ = {isa = PBXFileReference; lastKnownFileType = text.plist.xml; path = Info.plist; sourceTree = "<group>"; };
		36B0B413235305E8002977DC /* TabBarSampleTests.xctest */ = {isa = PBXFileReference; explicitFileType = wrapper.cfbundle; includeInIndex = 0; path = TabBarSampleTests.xctest; sourceTree = BUILT_PRODUCTS_DIR; };
		36B0B417235305E8002977DC /* TabBarSampleTests.swift */ = {isa = PBXFileReference; lastKnownFileType = sourcecode.swift; path = TabBarSampleTests.swift; sourceTree = "<group>"; };
		36B0B419235305E9002977DC /* Info.plist */ = {isa = PBXFileReference; lastKnownFileType = text.plist.xml; path = Info.plist; sourceTree = "<group>"; };
		36B0B41E235305E9002977DC /* TabBarSampleUITests.xctest */ = {isa = PBXFileReference; explicitFileType = wrapper.cfbundle; includeInIndex = 0; path = TabBarSampleUITests.xctest; sourceTree = BUILT_PRODUCTS_DIR; };
		36B0B422235305E9002977DC /* TabBarSampleUITests.swift */ = {isa = PBXFileReference; lastKnownFileType = sourcecode.swift; path = TabBarSampleUITests.swift; sourceTree = "<group>"; };
		36B0B424235305E9002977DC /* Info.plist */ = {isa = PBXFileReference; lastKnownFileType = text.plist.xml; path = Info.plist; sourceTree = "<group>"; };
		36D9324023535F010055D20C /* FirstViewModel.swift */ = {isa = PBXFileReference; lastKnownFileType = sourcecode.swift; path = FirstViewModel.swift; sourceTree = "<group>"; };
		36D93243235360040055D20C /* ModalViewController.swift */ = {isa = PBXFileReference; lastKnownFileType = sourcecode.swift; path = ModalViewController.swift; sourceTree = "<group>"; };
		36D932462353607D0055D20C /* SpotCell.swift */ = {isa = PBXFileReference; lastKnownFileType = sourcecode.swift; path = SpotCell.swift; sourceTree = "<group>"; };
		36D932472353607D0055D20C /* SpotCell.xib */ = {isa = PBXFileReference; lastKnownFileType = file.xib; path = SpotCell.xib; sourceTree = "<group>"; };
		36D9324B235363220055D20C /* Article.swift */ = {isa = PBXFileReference; lastKnownFileType = sourcecode.swift; path = Article.swift; sourceTree = "<group>"; };
		36D9324D235363480055D20C /* Rest.swift */ = {isa = PBXFileReference; lastKnownFileType = sourcecode.swift; path = Rest.swift; sourceTree = "<group>"; };
		36D9324F235363570055D20C /* Image.swift */ = {isa = PBXFileReference; lastKnownFileType = sourcecode.swift; path = Image.swift; sourceTree = "<group>"; };
		36D93252235364740055D20C /* ConnectToApiGurunavi.swift */ = {isa = PBXFileReference; lastKnownFileType = sourcecode.swift; path = ConnectToApiGurunavi.swift; sourceTree = "<group>"; };
		36D9325523536A6D0055D20C /* SpotDetailViewController.swift */ = {isa = PBXFileReference; lastKnownFileType = sourcecode.swift; path = SpotDetailViewController.swift; sourceTree = "<group>"; };
		36D9325723536A7B0055D20C /* SpotDetailViewController.storyboard */ = {isa = PBXFileReference; lastKnownFileType = file.storyboard; path = SpotDetailViewController.storyboard; sourceTree = "<group>"; };
		36E1139E238AA47800F1D5AA /* SearchViewController.swift */ = {isa = PBXFileReference; lastKnownFileType = sourcecode.swift; path = SearchViewController.swift; sourceTree = "<group>"; };
		36E113A0238AB75F00F1D5AA /* PickerTextField.swift */ = {isa = PBXFileReference; lastKnownFileType = sourcecode.swift; path = PickerTextField.swift; sourceTree = "<group>"; };
/* End PBXFileReference section */

/* Begin PBXFrameworksBuildPhase section */
		36B0B3F8235305E7002977DC /* Frameworks */ = {
			isa = PBXFrameworksBuildPhase;
			buildActionMask = 2147483647;
			files = (
				3663D03B23535C5E0078D02C /* RxSwift.framework in Frameworks */,
				3663D03823535C4C0078D02C /* RxRelay.framework in Frameworks */,
				3663D03523535C3C0078D02C /* RxCocoa.framework in Frameworks */,
				3663D02E23535C1C0078D02C /* FloatingPanel.framework in Frameworks */,
				3663D03223535C2C0078D02C /* Lottie.framework in Frameworks */,
			);
			runOnlyForDeploymentPostprocessing = 0;
		};
		36B0B410235305E8002977DC /* Frameworks */ = {
			isa = PBXFrameworksBuildPhase;
			buildActionMask = 2147483647;
			files = (
			);
			runOnlyForDeploymentPostprocessing = 0;
		};
		36B0B41B235305E9002977DC /* Frameworks */ = {
			isa = PBXFrameworksBuildPhase;
			buildActionMask = 2147483647;
			files = (
			);
			runOnlyForDeploymentPostprocessing = 0;
		};
/* End PBXFrameworksBuildPhase section */

/* Begin PBXGroup section */
		3663D02C23535C1C0078D02C /* Frameworks */ = {
			isa = PBXGroup;
			children = (
				3663D03A23535C5E0078D02C /* RxSwift.framework */,
				3663D03723535C4C0078D02C /* RxRelay.framework */,
				3663D03423535C3C0078D02C /* RxCocoa.framework */,
				3663D03123535C2C0078D02C /* Lottie.framework */,
				3663D02D23535C1C0078D02C /* FloatingPanel.framework */,
			);
			name = Frameworks;
			sourceTree = "<group>";
		};
		3683A91023530AE3001F886D /* Controllers */ = {
			isa = PBXGroup;
			children = (
				36D9325423536A490055D20C /* SpotDetail */,
				36B0B406235305E7002977DC /* Main.storyboard */,
				36B0B404235305E7002977DC /* SecondViewController.swift */,
				36B0B402235305E7002977DC /* FirstViewController.swift */,
				36D9324023535F010055D20C /* FirstViewModel.swift */,
				36508E172354B53C009270FA /* SearchViewModel.swift */,
				36E1139E238AA47800F1D5AA /* SearchViewController.swift */,
				36E113A0238AB75F00F1D5AA /* PickerTextField.swift */,
			);
			path = Controllers;
			sourceTree = "<group>";
		};
		36B0B3F2235305E7002977DC = {
			isa = PBXGroup;
			children = (
				36B0B3FD235305E7002977DC /* TabBarSample */,
				36B0B416235305E8002977DC /* TabBarSampleTests */,
				36B0B421235305E9002977DC /* TabBarSampleUITests */,
				36B0B3FC235305E7002977DC /* Products */,
				3663D02C23535C1C0078D02C /* Frameworks */,
			);
			sourceTree = "<group>";
		};
		36B0B3FC235305E7002977DC /* Products */ = {
			isa = PBXGroup;
			children = (
				36B0B3FB235305E7002977DC /* TabBarSample.app */,
				36B0B413235305E8002977DC /* TabBarSampleTests.xctest */,
				36B0B41E235305E9002977DC /* TabBarSampleUITests.xctest */,
			);
			name = Products;
			sourceTree = "<group>";
		};
		36B0B3FD235305E7002977DC /* TabBarSample */ = {
			isa = PBXGroup;
			children = (
				36D932512353644E0055D20C /* Http */,
				36D9324A235363070055D20C /* Module */,
				36D9324223535FD60055D20C /* Modal */,
				3683A91023530AE3001F886D /* Controllers */,
				36B0B3FE235305E7002977DC /* AppDelegate.swift */,
				36B0B400235305E7002977DC /* SceneDelegate.swift */,
				36B0B409235305E8002977DC /* Assets.xcassets */,
				36B0B40B235305E8002977DC /* LaunchScreen.storyboard */,
				36B0B40E235305E8002977DC /* Info.plist */,
			);
			path = TabBarSample;
			sourceTree = "<group>";
		};
		36B0B416235305E8002977DC /* TabBarSampleTests */ = {
			isa = PBXGroup;
			children = (
				36B0B417235305E8002977DC /* TabBarSampleTests.swift */,
				36B0B419235305E9002977DC /* Info.plist */,
			);
			path = TabBarSampleTests;
			sourceTree = "<group>";
		};
		36B0B421235305E9002977DC /* TabBarSampleUITests */ = {
			isa = PBXGroup;
			children = (
				36B0B422235305E9002977DC /* TabBarSampleUITests.swift */,
				36B0B424235305E9002977DC /* Info.plist */,
			);
			path = TabBarSampleUITests;
			sourceTree = "<group>";
		};
		36D9324223535FD60055D20C /* Modal */ = {
			isa = PBXGroup;
			children = (
				36D93245235360450055D20C /* Cell */,
				36D93243235360040055D20C /* ModalViewController.swift */,
			);
			path = Modal;
			sourceTree = "<group>";
		};
		36D93245235360450055D20C /* Cell */ = {
			isa = PBXGroup;
			children = (
				36D932462353607D0055D20C /* SpotCell.swift */,
				36D932472353607D0055D20C /* SpotCell.xib */,
			);
			path = Cell;
			sourceTree = "<group>";
		};
		36D9324A235363070055D20C /* Module */ = {
			isa = PBXGroup;
			children = (
				36D9324B235363220055D20C /* Article.swift */,
				36D9324D235363480055D20C /* Rest.swift */,
				36D9324F235363570055D20C /* Image.swift */,
			);
			path = Module;
			sourceTree = "<group>";
		};
		36D932512353644E0055D20C /* Http */ = {
			isa = PBXGroup;
			children = (
				36D93252235364740055D20C /* ConnectToApiGurunavi.swift */,
			);
			path = Http;
			sourceTree = "<group>";
		};
		36D9325423536A490055D20C /* SpotDetail */ = {
			isa = PBXGroup;
			children = (
				36D9325523536A6D0055D20C /* SpotDetailViewController.swift */,
				36D9325723536A7B0055D20C /* SpotDetailViewController.storyboard */,
			);
			path = SpotDetail;
			sourceTree = "<group>";
		};
/* End PBXGroup section */

/* Begin PBXNativeTarget section */
		36B0B3FA235305E7002977DC /* TabBarSample */ = {
			isa = PBXNativeTarget;
			buildConfigurationList = 36B0B427235305E9002977DC /* Build configuration list for PBXNativeTarget "TabBarSample" */;
			buildPhases = (
				36B0B3F7235305E7002977DC /* Sources */,
				36B0B3F8235305E7002977DC /* Frameworks */,
				36B0B3F9235305E7002977DC /* Resources */,
				3663D03023535C1C0078D02C /* Embed Frameworks */,
			);
			buildRules = (
			);
			dependencies = (
			);
			name = TabBarSample;
			productName = TabBarSample;
			productReference = 36B0B3FB235305E7002977DC /* TabBarSample.app */;
			productType = "com.apple.product-type.application";
		};
		36B0B412235305E8002977DC /* TabBarSampleTests */ = {
			isa = PBXNativeTarget;
			buildConfigurationList = 36B0B42A235305E9002977DC /* Build configuration list for PBXNativeTarget "TabBarSampleTests" */;
			buildPhases = (
				36B0B40F235305E8002977DC /* Sources */,
				36B0B410235305E8002977DC /* Frameworks */,
				36B0B411235305E8002977DC /* Resources */,
			);
			buildRules = (
			);
			dependencies = (
				36B0B415235305E8002977DC /* PBXTargetDependency */,
			);
			name = TabBarSampleTests;
			productName = TabBarSampleTests;
			productReference = 36B0B413235305E8002977DC /* TabBarSampleTests.xctest */;
			productType = "com.apple.product-type.bundle.unit-test";
		};
		36B0B41D235305E9002977DC /* TabBarSampleUITests */ = {
			isa = PBXNativeTarget;
			buildConfigurationList = 36B0B42D235305E9002977DC /* Build configuration list for PBXNativeTarget "TabBarSampleUITests" */;
			buildPhases = (
				36B0B41A235305E9002977DC /* Sources */,
				36B0B41B235305E9002977DC /* Frameworks */,
				36B0B41C235305E9002977DC /* Resources */,
			);
			buildRules = (
			);
			dependencies = (
				36B0B420235305E9002977DC /* PBXTargetDependency */,
			);
			name = TabBarSampleUITests;
			productName = TabBarSampleUITests;
			productReference = 36B0B41E235305E9002977DC /* TabBarSampleUITests.xctest */;
			productType = "com.apple.product-type.bundle.ui-testing";
		};
/* End PBXNativeTarget section */

/* Begin PBXProject section */
		36B0B3F3235305E7002977DC /* Project object */ = {
			isa = PBXProject;
			attributes = {
				LastSwiftUpdateCheck = 1100;
				LastUpgradeCheck = 1100;
				ORGANIZATIONNAME = "田中康介";
				TargetAttributes = {
					36B0B3FA235305E7002977DC = {
						CreatedOnToolsVersion = 11.0;
					};
					36B0B412235305E8002977DC = {
						CreatedOnToolsVersion = 11.0;
						TestTargetID = 36B0B3FA235305E7002977DC;
					};
					36B0B41D235305E9002977DC = {
						CreatedOnToolsVersion = 11.0;
						TestTargetID = 36B0B3FA235305E7002977DC;
					};
				};
			};
			buildConfigurationList = 36B0B3F6235305E7002977DC /* Build configuration list for PBXProject "TabBarSample" */;
			compatibilityVersion = "Xcode 9.3";
			developmentRegion = en;
			hasScannedForEncodings = 0;
			knownRegions = (
				en,
				Base,
			);
			mainGroup = 36B0B3F2235305E7002977DC;
			productRefGroup = 36B0B3FC235305E7002977DC /* Products */;
			projectDirPath = "";
			projectRoot = "";
			targets = (
				36B0B3FA235305E7002977DC /* TabBarSample */,
				36B0B412235305E8002977DC /* TabBarSampleTests */,
				36B0B41D235305E9002977DC /* TabBarSampleUITests */,
			);
		};
/* End PBXProject section */

/* Begin PBXResourcesBuildPhase section */
		36B0B3F9235305E7002977DC /* Resources */ = {
			isa = PBXResourcesBuildPhase;
			buildActionMask = 2147483647;
			files = (
				36B0B40D235305E8002977DC /* LaunchScreen.storyboard in Resources */,
				36B0B40A235305E8002977DC /* Assets.xcassets in Resources */,
				36B0B408235305E7002977DC /* Main.storyboard in Resources */,
				36D9325823536A7B0055D20C /* SpotDetailViewController.storyboard in Resources */,
				36D932492353607D0055D20C /* SpotCell.xib in Resources */,
			);
			runOnlyForDeploymentPostprocessing = 0;
		};
		36B0B411235305E8002977DC /* Resources */ = {
			isa = PBXResourcesBuildPhase;
			buildActionMask = 2147483647;
			files = (
			);
			runOnlyForDeploymentPostprocessing = 0;
		};
		36B0B41C235305E9002977DC /* Resources */ = {
			isa = PBXResourcesBuildPhase;
			buildActionMask = 2147483647;
			files = (
			);
			runOnlyForDeploymentPostprocessing = 0;
		};
/* End PBXResourcesBuildPhase section */

/* Begin PBXSourcesBuildPhase section */
		36B0B3F7235305E7002977DC /* Sources */ = {
			isa = PBXSourcesBuildPhase;
			buildActionMask = 2147483647;
			files = (
				36B0B405235305E7002977DC /* SecondViewController.swift in Sources */,
				36D93253235364740055D20C /* ConnectToApiGurunavi.swift in Sources */,
				36D9324123535F010055D20C /* FirstViewModel.swift in Sources */,
				36B0B403235305E7002977DC /* FirstViewController.swift in Sources */,
				36D9324E235363480055D20C /* Rest.swift in Sources */,
				36B0B3FF235305E7002977DC /* AppDelegate.swift in Sources */,
				36D9324C235363220055D20C /* Article.swift in Sources */,
				36D932482353607D0055D20C /* SpotCell.swift in Sources */,
				36E1139F238AA47800F1D5AA /* SearchViewController.swift in Sources */,
				36508E182354B53C009270FA /* SearchViewModel.swift in Sources */,
				36D93244235360040055D20C /* ModalViewController.swift in Sources */,
				36E113A1238AB75F00F1D5AA /* PickerTextField.swift in Sources */,
				36D9325623536A6D0055D20C /* SpotDetailViewController.swift in Sources */,
				36B0B401235305E7002977DC /* SceneDelegate.swift in Sources */,
				36D93250235363570055D20C /* Image.swift in Sources */,
			);
			runOnlyForDeploymentPostprocessing = 0;
		};
		36B0B40F235305E8002977DC /* Sources */ = {
			isa = PBXSourcesBuildPhase;
			buildActionMask = 2147483647;
			files = (
				36B0B418235305E9002977DC /* TabBarSampleTests.swift in Sources */,
			);
			runOnlyForDeploymentPostprocessing = 0;
		};
		36B0B41A235305E9002977DC /* Sources */ = {
			isa = PBXSourcesBuildPhase;
			buildActionMask = 2147483647;
			files = (
				36B0B423235305E9002977DC /* TabBarSampleUITests.swift in Sources */,
			);
			runOnlyForDeploymentPostprocessing = 0;
		};
/* End PBXSourcesBuildPhase section */

/* Begin PBXTargetDependency section */
		36B0B415235305E8002977DC /* PBXTargetDependency */ = {
			isa = PBXTargetDependency;
			target = 36B0B3FA235305E7002977DC /* TabBarSample */;
			targetProxy = 36B0B414235305E8002977DC /* PBXContainerItemProxy */;
		};
		36B0B420235305E9002977DC /* PBXTargetDependency */ = {
			isa = PBXTargetDependency;
			target = 36B0B3FA235305E7002977DC /* TabBarSample */;
			targetProxy = 36B0B41F235305E9002977DC /* PBXContainerItemProxy */;
		};
/* End PBXTargetDependency section */

/* Begin PBXVariantGroup section */
		36B0B406235305E7002977DC /* Main.storyboard */ = {
			isa = PBXVariantGroup;
			children = (
				36B0B407235305E7002977DC /* Base */,
			);
			name = Main.storyboard;
			sourceTree = "<group>";
		};
		36B0B40B235305E8002977DC /* LaunchScreen.storyboard */ = {
			isa = PBXVariantGroup;
			children = (
				36B0B40C235305E8002977DC /* Base */,
			);
			name = LaunchScreen.storyboard;
			sourceTree = "<group>";
		};
/* End PBXVariantGroup section */

/* Begin XCBuildConfiguration section */
		36B0B425235305E9002977DC /* Debug */ = {
			isa = XCBuildConfiguration;
			buildSettings = {
				ALWAYS_SEARCH_USER_PATHS = NO;
				CLANG_ANALYZER_NONNULL = YES;
				CLANG_ANALYZER_NUMBER_OBJECT_CONVERSION = YES_AGGRESSIVE;
				CLANG_CXX_LANGUAGE_STANDARD = "gnu++14";
				CLANG_CXX_LIBRARY = "libc++";
				CLANG_ENABLE_MODULES = YES;
				CLANG_ENABLE_OBJC_ARC = YES;
				CLANG_ENABLE_OBJC_WEAK = YES;
				CLANG_WARN_BLOCK_CAPTURE_AUTORELEASING = YES;
				CLANG_WARN_BOOL_CONVERSION = YES;
				CLANG_WARN_COMMA = YES;
				CLANG_WARN_CONSTANT_CONVERSION = YES;
				CLANG_WARN_DEPRECATED_OBJC_IMPLEMENTATIONS = YES;
				CLANG_WARN_DIRECT_OBJC_ISA_USAGE = YES_ERROR;
				CLANG_WARN_DOCUMENTATION_COMMENTS = YES;
				CLANG_WARN_EMPTY_BODY = YES;
				CLANG_WARN_ENUM_CONVERSION = YES;
				CLANG_WARN_INFINITE_RECURSION = YES;
				CLANG_WARN_INT_CONVERSION = YES;
				CLANG_WARN_NON_LITERAL_NULL_CONVERSION = YES;
				CLANG_WARN_OBJC_IMPLICIT_RETAIN_SELF = YES;
				CLANG_WARN_OBJC_LITERAL_CONVERSION = YES;
				CLANG_WARN_OBJC_ROOT_CLASS = YES_ERROR;
				CLANG_WARN_RANGE_LOOP_ANALYSIS = YES;
				CLANG_WARN_STRICT_PROTOTYPES = YES;
				CLANG_WARN_SUSPICIOUS_MOVE = YES;
				CLANG_WARN_UNGUARDED_AVAILABILITY = YES_AGGRESSIVE;
				CLANG_WARN_UNREACHABLE_CODE = YES;
				CLANG_WARN__DUPLICATE_METHOD_MATCH = YES;
				COPY_PHASE_STRIP = NO;
				DEBUG_INFORMATION_FORMAT = dwarf;
				ENABLE_STRICT_OBJC_MSGSEND = YES;
				ENABLE_TESTABILITY = YES;
				GCC_C_LANGUAGE_STANDARD = gnu11;
				GCC_DYNAMIC_NO_PIC = NO;
				GCC_NO_COMMON_BLOCKS = YES;
				GCC_OPTIMIZATION_LEVEL = 0;
				GCC_PREPROCESSOR_DEFINITIONS = (
					"DEBUG=1",
					"$(inherited)",
				);
				GCC_WARN_64_TO_32_BIT_CONVERSION = YES;
				GCC_WARN_ABOUT_RETURN_TYPE = YES_ERROR;
				GCC_WARN_UNDECLARED_SELECTOR = YES;
				GCC_WARN_UNINITIALIZED_AUTOS = YES_AGGRESSIVE;
				GCC_WARN_UNUSED_FUNCTION = YES;
				GCC_WARN_UNUSED_VARIABLE = YES;
				IPHONEOS_DEPLOYMENT_TARGET = 13.0;
				MTL_ENABLE_DEBUG_INFO = INCLUDE_SOURCE;
				MTL_FAST_MATH = YES;
				ONLY_ACTIVE_ARCH = YES;
				SDKROOT = iphoneos;
				SWIFT_ACTIVE_COMPILATION_CONDITIONS = DEBUG;
				SWIFT_OPTIMIZATION_LEVEL = "-Onone";
			};
			name = Debug;
		};
		36B0B426235305E9002977DC /* Release */ = {
			isa = XCBuildConfiguration;
			buildSettings = {
				ALWAYS_SEARCH_USER_PATHS = NO;
				CLANG_ANALYZER_NONNULL = YES;
				CLANG_ANALYZER_NUMBER_OBJECT_CONVERSION = YES_AGGRESSIVE;
				CLANG_CXX_LANGUAGE_STANDARD = "gnu++14";
				CLANG_CXX_LIBRARY = "libc++";
				CLANG_ENABLE_MODULES = YES;
				CLANG_ENABLE_OBJC_ARC = YES;
				CLANG_ENABLE_OBJC_WEAK = YES;
				CLANG_WARN_BLOCK_CAPTURE_AUTORELEASING = YES;
				CLANG_WARN_BOOL_CONVERSION = YES;
				CLANG_WARN_COMMA = YES;
				CLANG_WARN_CONSTANT_CONVERSION = YES;
				CLANG_WARN_DEPRECATED_OBJC_IMPLEMENTATIONS = YES;
				CLANG_WARN_DIRECT_OBJC_ISA_USAGE = YES_ERROR;
				CLANG_WARN_DOCUMENTATION_COMMENTS = YES;
				CLANG_WARN_EMPTY_BODY = YES;
				CLANG_WARN_ENUM_CONVERSION = YES;
				CLANG_WARN_INFINITE_RECURSION = YES;
				CLANG_WARN_INT_CONVERSION = YES;
				CLANG_WARN_NON_LITERAL_NULL_CONVERSION = YES;
				CLANG_WARN_OBJC_IMPLICIT_RETAIN_SELF = YES;
				CLANG_WARN_OBJC_LITERAL_CONVERSION = YES;
				CLANG_WARN_OBJC_ROOT_CLASS = YES_ERROR;
				CLANG_WARN_RANGE_LOOP_ANALYSIS = YES;
				CLANG_WARN_STRICT_PROTOTYPES = YES;
				CLANG_WARN_SUSPICIOUS_MOVE = YES;
				CLANG_WARN_UNGUARDED_AVAILABILITY = YES_AGGRESSIVE;
				CLANG_WARN_UNREACHABLE_CODE = YES;
				CLANG_WARN__DUPLICATE_METHOD_MATCH = YES;
				COPY_PHASE_STRIP = NO;
				DEBUG_INFORMATION_FORMAT = "dwarf-with-dsym";
				ENABLE_NS_ASSERTIONS = NO;
				ENABLE_STRICT_OBJC_MSGSEND = YES;
				GCC_C_LANGUAGE_STANDARD = gnu11;
				GCC_NO_COMMON_BLOCKS = YES;
				GCC_WARN_64_TO_32_BIT_CONVERSION = YES;
				GCC_WARN_ABOUT_RETURN_TYPE = YES_ERROR;
				GCC_WARN_UNDECLARED_SELECTOR = YES;
				GCC_WARN_UNINITIALIZED_AUTOS = YES_AGGRESSIVE;
				GCC_WARN_UNUSED_FUNCTION = YES;
				GCC_WARN_UNUSED_VARIABLE = YES;
				IPHONEOS_DEPLOYMENT_TARGET = 13.0;
				MTL_ENABLE_DEBUG_INFO = NO;
				MTL_FAST_MATH = YES;
				SDKROOT = iphoneos;
				SWIFT_COMPILATION_MODE = wholemodule;
				SWIFT_OPTIMIZATION_LEVEL = "-O";
				VALIDATE_PRODUCT = YES;
			};
			name = Release;
		};
		36B0B428235305E9002977DC /* Debug */ = {
			isa = XCBuildConfiguration;
			buildSettings = {
				ASSETCATALOG_COMPILER_APPICON_NAME = AppIcon;
				CODE_SIGN_STYLE = Automatic;
				DEVELOPMENT_TEAM = HHF2ASCKGJ;
				FRAMEWORK_SEARCH_PATHS = (
					"$(inherited)",
					"$(PROJECT_DIR)/Carthage/Build/iOS",
				);
				INFOPLIST_FILE = TabBarSample/Info.plist;
				LD_RUNPATH_SEARCH_PATHS = (
					"$(inherited)",
					"@executable_path/Frameworks",
				);
				PRODUCT_BUNDLE_IDENTIFIER = com.kosuke.tanaka.TabBarSample;
				PRODUCT_NAME = "$(TARGET_NAME)";
				SWIFT_VERSION = 5.0;
				TARGETED_DEVICE_FAMILY = "1,2";
			};
			name = Debug;
		};
		36B0B429235305E9002977DC /* Release */ = {
			isa = XCBuildConfiguration;
			buildSettings = {
				ASSETCATALOG_COMPILER_APPICON_NAME = AppIcon;
				CODE_SIGN_STYLE = Automatic;
				DEVELOPMENT_TEAM = HHF2ASCKGJ;
				FRAMEWORK_SEARCH_PATHS = (
					"$(inherited)",
					"$(PROJECT_DIR)/Carthage/Build/iOS",
				);
				INFOPLIST_FILE = TabBarSample/Info.plist;
				LD_RUNPATH_SEARCH_PATHS = (
					"$(inherited)",
					"@executable_path/Frameworks",
				);
				PRODUCT_BUNDLE_IDENTIFIER = com.kosuke.tanaka.TabBarSample;
				PRODUCT_NAME = "$(TARGET_NAME)";
				SWIFT_VERSION = 5.0;
				TARGETED_DEVICE_FAMILY = "1,2";
			};
			name = Release;
		};
		36B0B42B235305E9002977DC /* Debug */ = {
			isa = XCBuildConfiguration;
			buildSettings = {
				ALWAYS_EMBED_SWIFT_STANDARD_LIBRARIES = YES;
				BUNDLE_LOADER = "$(TEST_HOST)";
				CODE_SIGN_STYLE = Automatic;
				DEVELOPMENT_TEAM = HHF2ASCKGJ;
				INFOPLIST_FILE = TabBarSampleTests/Info.plist;
				IPHONEOS_DEPLOYMENT_TARGET = 13.0;
				LD_RUNPATH_SEARCH_PATHS = (
					"$(inherited)",
					"@executable_path/Frameworks",
					"@loader_path/Frameworks",
				);
				PRODUCT_BUNDLE_IDENTIFIER = com.kosuke.tanaka.TabBarSampleTests;
				PRODUCT_NAME = "$(TARGET_NAME)";
				SWIFT_VERSION = 5.0;
				TARGETED_DEVICE_FAMILY = "1,2";
				TEST_HOST = "$(BUILT_PRODUCTS_DIR)/TabBarSample.app/TabBarSample";
			};
			name = Debug;
		};
		36B0B42C235305E9002977DC /* Release */ = {
			isa = XCBuildConfiguration;
			buildSettings = {
				ALWAYS_EMBED_SWIFT_STANDARD_LIBRARIES = YES;
				BUNDLE_LOADER = "$(TEST_HOST)";
				CODE_SIGN_STYLE = Automatic;
				DEVELOPMENT_TEAM = HHF2ASCKGJ;
				INFOPLIST_FILE = TabBarSampleTests/Info.plist;
				IPHONEOS_DEPLOYMENT_TARGET = 13.0;
				LD_RUNPATH_SEARCH_PATHS = (
					"$(inherited)",
					"@executable_path/Frameworks",
					"@loader_path/Frameworks",
				);
				PRODUCT_BUNDLE_IDENTIFIER = com.kosuke.tanaka.TabBarSampleTests;
				PRODUCT_NAME = "$(TARGET_NAME)";
				SWIFT_VERSION = 5.0;
				TARGETED_DEVICE_FAMILY = "1,2";
				TEST_HOST = "$(BUILT_PRODUCTS_DIR)/TabBarSample.app/TabBarSample";
			};
			name = Release;
		};
		36B0B42E235305E9002977DC /* Debug */ = {
			isa = XCBuildConfiguration;
			buildSettings = {
				ALWAYS_EMBED_SWIFT_STANDARD_LIBRARIES = YES;
				CODE_SIGN_STYLE = Automatic;
				DEVELOPMENT_TEAM = HHF2ASCKGJ;
				INFOPLIST_FILE = TabBarSampleUITests/Info.plist;
				LD_RUNPATH_SEARCH_PATHS = (
					"$(inherited)",
					"@executable_path/Frameworks",
					"@loader_path/Frameworks",
				);
				PRODUCT_BUNDLE_IDENTIFIER = com.kosuke.tanaka.TabBarSampleUITests;
				PRODUCT_NAME = "$(TARGET_NAME)";
				SWIFT_VERSION = 5.0;
				TARGETED_DEVICE_FAMILY = "1,2";
				TEST_TARGET_NAME = TabBarSample;
			};
			name = Debug;
		};
		36B0B42F235305E9002977DC /* Release */ = {
			isa = XCBuildConfiguration;
			buildSettings = {
				ALWAYS_EMBED_SWIFT_STANDARD_LIBRARIES = YES;
				CODE_SIGN_STYLE = Automatic;
				DEVELOPMENT_TEAM = HHF2ASCKGJ;
				INFOPLIST_FILE = TabBarSampleUITests/Info.plist;
				LD_RUNPATH_SEARCH_PATHS = (
					"$(inherited)",
					"@executable_path/Frameworks",
					"@loader_path/Frameworks",
				);
				PRODUCT_BUNDLE_IDENTIFIER = com.kosuke.tanaka.TabBarSampleUITests;
				PRODUCT_NAME = "$(TARGET_NAME)";
				SWIFT_VERSION = 5.0;
				TARGETED_DEVICE_FAMILY = "1,2";
				TEST_TARGET_NAME = TabBarSample;
			};
			name = Release;
		};
/* End XCBuildConfiguration section */

/* Begin XCConfigurationList section */
		36B0B3F6235305E7002977DC /* Build configuration list for PBXProject "TabBarSample" */ = {
			isa = XCConfigurationList;
			buildConfigurations = (
				36B0B425235305E9002977DC /* Debug */,
				36B0B426235305E9002977DC /* Release */,
			);
			defaultConfigurationIsVisible = 0;
			defaultConfigurationName = Release;
		};
		36B0B427235305E9002977DC /* Build configuration list for PBXNativeTarget "TabBarSample" */ = {
			isa = XCConfigurationList;
			buildConfigurations = (
				36B0B428235305E9002977DC /* Debug */,
				36B0B429235305E9002977DC /* Release */,
			);
			defaultConfigurationIsVisible = 0;
			defaultConfigurationName = Release;
		};
		36B0B42A235305E9002977DC /* Build configuration list for PBXNativeTarget "TabBarSampleTests" */ = {
			isa = XCConfigurationList;
			buildConfigurations = (
				36B0B42B235305E9002977DC /* Debug */,
				36B0B42C235305E9002977DC /* Release */,
			);
			defaultConfigurationIsVisible = 0;
			defaultConfigurationName = Release;
		};
		36B0B42D235305E9002977DC /* Build configuration list for PBXNativeTarget "TabBarSampleUITests" */ = {
			isa = XCConfigurationList;
			buildConfigurations = (
				36B0B42E235305E9002977DC /* Debug */,
				36B0B42F235305E9002977DC /* Release */,
			);
			defaultConfigurationIsVisible = 0;
			defaultConfigurationName = Release;
		};
/* End XCConfigurationList section */
	};
	rootObject = 36B0B3F3235305E7002977DC /* Project object */;
}
